// !$*UTF8*$!
{
	archiveVersion = 1;
	classes = {
	};
	objectVersion = 46;
	objects = {

/* Begin PBXAggregateTarget section */
		"SAUpdatePrompt::SAUpdatePromptPackageTests::ProductTarget" /* SAUpdatePromptPackageTests */ = {
			isa = PBXAggregateTarget;
			buildConfigurationList = OBJ_33 /* Build configuration list for PBXAggregateTarget "SAUpdatePromptPackageTests" */;
			buildPhases = (
			);
			dependencies = (
				OBJ_36 /* PBXTargetDependency */,
			);
			name = SAUpdatePromptPackageTests;
			productName = SAUpdatePromptPackageTests;
		};
/* End PBXAggregateTarget section */

/* Begin PBXBuildFile section */
		70470F07259E7AD500C8FC12 /* AppVersionServiceTests.swift in Sources */ = {isa = PBXBuildFile; fileRef = 70470EF9259E7A7F00C8FC12 /* AppVersionServiceTests.swift */; };
		70470F0D259E929400C8FC12 /* AppVersionService.swift in Sources */ = {isa = PBXBuildFile; fileRef = 70470F0C259E929400C8FC12 /* AppVersionService.swift */; };
		70470F13259E931900C8FC12 /* AppVersionResponse.swift in Sources */ = {isa = PBXBuildFile; fileRef = 70470F12259E931900C8FC12 /* AppVersionResponse.swift */; };
		70470F27259E9A2200C8FC12 /* Logic.swift in Sources */ = {isa = PBXBuildFile; fileRef = 70470F26259E9A2200C8FC12 /* Logic.swift */; };
		70470F3E259E9E7800C8FC12 /* BusinessLogicTests.swift in Sources */ = {isa = PBXBuildFile; fileRef = 70470F34259E9DC500C8FC12 /* BusinessLogicTests.swift */; };
		70470F4F259EB06C00C8FC12 /* UpdatePromptFullscreen.swift in Sources */ = {isa = PBXBuildFile; fileRef = 70470F4E259EB06C00C8FC12 /* UpdatePromptFullscreen.swift */; };
		70470F59259EB09100C8FC12 /* UpdatePromptAlert.swift in Sources */ = {isa = PBXBuildFile; fileRef = 70470F58259EB09100C8FC12 /* UpdatePromptAlert.swift */; };
		70470F69259EBB3E00C8FC12 /* AppDelegate.swift in Sources */ = {isa = PBXBuildFile; fileRef = 70470F68259EBB3E00C8FC12 /* AppDelegate.swift */; };
		70470F6B259EBB3E00C8FC12 /* SceneDelegate.swift in Sources */ = {isa = PBXBuildFile; fileRef = 70470F6A259EBB3E00C8FC12 /* SceneDelegate.swift */; };
		70470F6D259EBB3E00C8FC12 /* ViewController.swift in Sources */ = {isa = PBXBuildFile; fileRef = 70470F6C259EBB3E00C8FC12 /* ViewController.swift */; };
		70470F70259EBB3E00C8FC12 /* Main.storyboard in Resources */ = {isa = PBXBuildFile; fileRef = 70470F6E259EBB3E00C8FC12 /* Main.storyboard */; };
		70470F72259EBB4100C8FC12 /* Assets.xcassets in Resources */ = {isa = PBXBuildFile; fileRef = 70470F71259EBB4100C8FC12 /* Assets.xcassets */; };
		70470F75259EBB4100C8FC12 /* LaunchScreen.storyboard in Resources */ = {isa = PBXBuildFile; fileRef = 70470F73259EBB4100C8FC12 /* LaunchScreen.storyboard */; };
		OBJ_24 /* UpdatePrompt.swift in Sources */ = {isa = PBXBuildFile; fileRef = OBJ_9 /* UpdatePrompt.swift */; };
		OBJ_31 /* Package.swift in Sources */ = {isa = PBXBuildFile; fileRef = OBJ_6 /* Package.swift */; };
		OBJ_42 /* SAUpdatePromptTests.swift in Sources */ = {isa = PBXBuildFile; fileRef = OBJ_12 /* SAUpdatePromptTests.swift */; };
		OBJ_43 /* XCTestManifests.swift in Sources */ = {isa = PBXBuildFile; fileRef = OBJ_13 /* XCTestManifests.swift */; };
		OBJ_45 /* SAUpdatePrompt.framework in Frameworks */ = {isa = PBXBuildFile; fileRef = "SAUpdatePrompt::SAUpdatePrompt::Product" /* SAUpdatePrompt.framework */; };
/* End PBXBuildFile section */

/* Begin PBXContainerItemProxy section */
		70470EDB259E3C8200C8FC12 /* PBXContainerItemProxy */ = {
			isa = PBXContainerItemProxy;
			containerPortal = OBJ_1 /* Project object */;
			proxyType = 1;
			remoteGlobalIDString = "SAUpdatePrompt::SAUpdatePrompt";
			remoteInfo = SAUpdatePrompt;
		};
		70470EDE259E3C8300C8FC12 /* PBXContainerItemProxy */ = {
			isa = PBXContainerItemProxy;
			containerPortal = OBJ_1 /* Project object */;
			proxyType = 1;
			remoteGlobalIDString = "SAUpdatePrompt::SAUpdatePromptTests";
			remoteInfo = SAUpdatePromptTests;
		};
/* End PBXContainerItemProxy section */

/* Begin PBXFileReference section */
		70470EF9259E7A7F00C8FC12 /* AppVersionServiceTests.swift */ = {isa = PBXFileReference; lastKnownFileType = sourcecode.swift; path = AppVersionServiceTests.swift; sourceTree = "<group>"; };
		70470F0C259E929400C8FC12 /* AppVersionService.swift */ = {isa = PBXFileReference; lastKnownFileType = sourcecode.swift; path = AppVersionService.swift; sourceTree = "<group>"; };
		70470F12259E931900C8FC12 /* AppVersionResponse.swift */ = {isa = PBXFileReference; lastKnownFileType = sourcecode.swift; path = AppVersionResponse.swift; sourceTree = "<group>"; };
		70470F26259E9A2200C8FC12 /* Logic.swift */ = {isa = PBXFileReference; lastKnownFileType = sourcecode.swift; path = Logic.swift; sourceTree = "<group>"; };
		70470F34259E9DC500C8FC12 /* BusinessLogicTests.swift */ = {isa = PBXFileReference; lastKnownFileType = sourcecode.swift; path = BusinessLogicTests.swift; sourceTree = "<group>"; };
		70470F4E259EB06C00C8FC12 /* UpdatePromptFullscreen.swift */ = {isa = PBXFileReference; lastKnownFileType = sourcecode.swift; path = UpdatePromptFullscreen.swift; sourceTree = "<group>"; };
		70470F58259EB09100C8FC12 /* UpdatePromptAlert.swift */ = {isa = PBXFileReference; lastKnownFileType = sourcecode.swift; path = UpdatePromptAlert.swift; sourceTree = "<group>"; };
		70470F66259EBB3E00C8FC12 /* UpdatePromptExample.app */ = {isa = PBXFileReference; explicitFileType = wrapper.application; includeInIndex = 0; path = UpdatePromptExample.app; sourceTree = BUILT_PRODUCTS_DIR; };
		70470F68259EBB3E00C8FC12 /* AppDelegate.swift */ = {isa = PBXFileReference; lastKnownFileType = sourcecode.swift; path = AppDelegate.swift; sourceTree = "<group>"; };
		70470F6A259EBB3E00C8FC12 /* SceneDelegate.swift */ = {isa = PBXFileReference; lastKnownFileType = sourcecode.swift; path = SceneDelegate.swift; sourceTree = "<group>"; };
		70470F6C259EBB3E00C8FC12 /* ViewController.swift */ = {isa = PBXFileReference; lastKnownFileType = sourcecode.swift; path = ViewController.swift; sourceTree = "<group>"; };
		70470F6F259EBB3E00C8FC12 /* Base */ = {isa = PBXFileReference; lastKnownFileType = file.storyboard; name = Base; path = Base.lproj/Main.storyboard; sourceTree = "<group>"; };
		70470F71259EBB4100C8FC12 /* Assets.xcassets */ = {isa = PBXFileReference; lastKnownFileType = folder.assetcatalog; path = Assets.xcassets; sourceTree = "<group>"; };
		70470F74259EBB4100C8FC12 /* Base */ = {isa = PBXFileReference; lastKnownFileType = file.storyboard; name = Base; path = Base.lproj/LaunchScreen.storyboard; sourceTree = "<group>"; };
		70470F76259EBB4100C8FC12 /* Info.plist */ = {isa = PBXFileReference; lastKnownFileType = text.plist.xml; path = Info.plist; sourceTree = "<group>"; };
		OBJ_12 /* SAUpdatePromptTests.swift */ = {isa = PBXFileReference; lastKnownFileType = sourcecode.swift; path = SAUpdatePromptTests.swift; sourceTree = "<group>"; };
		OBJ_13 /* XCTestManifests.swift */ = {isa = PBXFileReference; lastKnownFileType = sourcecode.swift; path = XCTestManifests.swift; sourceTree = "<group>"; };
		OBJ_17 /* LICENSE */ = {isa = PBXFileReference; lastKnownFileType = text; path = LICENSE; sourceTree = "<group>"; };
		OBJ_18 /* README.md */ = {isa = PBXFileReference; lastKnownFileType = net.daringfireball.markdown; path = README.md; sourceTree = "<group>"; };
		OBJ_6 /* Package.swift */ = {isa = PBXFileReference; explicitFileType = sourcecode.swift; path = Package.swift; sourceTree = "<group>"; };
		OBJ_9 /* UpdatePrompt.swift */ = {isa = PBXFileReference; lastKnownFileType = sourcecode.swift; path = UpdatePrompt.swift; sourceTree = "<group>"; };
		"SAUpdatePrompt::SAUpdatePrompt::Product" /* SAUpdatePrompt.framework */ = {isa = PBXFileReference; lastKnownFileType = wrapper.framework; path = SAUpdatePrompt.framework; sourceTree = BUILT_PRODUCTS_DIR; };
		"SAUpdatePrompt::SAUpdatePromptTests::Product" /* SAUpdatePromptTests.xctest */ = {isa = PBXFileReference; lastKnownFileType = file; path = SAUpdatePromptTests.xctest; sourceTree = BUILT_PRODUCTS_DIR; };
/* End PBXFileReference section */

/* Begin PBXFrameworksBuildPhase section */
		70470F63259EBB3E00C8FC12 /* Frameworks */ = {
			isa = PBXFrameworksBuildPhase;
			buildActionMask = 2147483647;
			files = (
			);
			runOnlyForDeploymentPostprocessing = 0;
		};
		OBJ_25 /* Frameworks */ = {
			isa = PBXFrameworksBuildPhase;
			buildActionMask = 0;
			files = (
			);
			runOnlyForDeploymentPostprocessing = 0;
		};
		OBJ_44 /* Frameworks */ = {
			isa = PBXFrameworksBuildPhase;
			buildActionMask = 0;
			files = (
				OBJ_45 /* SAUpdatePrompt.framework in Frameworks */,
			);
			runOnlyForDeploymentPostprocessing = 0;
		};
/* End PBXFrameworksBuildPhase section */

/* Begin PBXGroup section */
		70470F20259E99EB00C8FC12 /* Networking */ = {
			isa = PBXGroup;
			children = (
				70470F0C259E929400C8FC12 /* AppVersionService.swift */,
				70470F12259E931900C8FC12 /* AppVersionResponse.swift */,
			);
			path = Networking;
			sourceTree = "<group>";
		};
		70470F25259E9A1100C8FC12 /* Logic */ = {
			isa = PBXGroup;
			children = (
				70470F26259E9A2200C8FC12 /* Logic.swift */,
			);
			path = Logic;
			sourceTree = "<group>";
		};
		70470F4D259EB06100C8FC12 /* Views */ = {
			isa = PBXGroup;
			children = (
				70470F4E259EB06C00C8FC12 /* UpdatePromptFullscreen.swift */,
				70470F58259EB09100C8FC12 /* UpdatePromptAlert.swift */,
			);
			path = Views;
			sourceTree = "<group>";
		};
		70470F67259EBB3E00C8FC12 /* UpdatePromptExample */ = {
			isa = PBXGroup;
			children = (
				70470F68259EBB3E00C8FC12 /* AppDelegate.swift */,
				70470F6A259EBB3E00C8FC12 /* SceneDelegate.swift */,
				70470F6C259EBB3E00C8FC12 /* ViewController.swift */,
				70470F6E259EBB3E00C8FC12 /* Main.storyboard */,
				70470F71259EBB4100C8FC12 /* Assets.xcassets */,
				70470F73259EBB4100C8FC12 /* LaunchScreen.storyboard */,
				70470F76259EBB4100C8FC12 /* Info.plist */,
			);
			path = UpdatePromptExample;
			sourceTree = "<group>";
		};
		OBJ_10 /* Tests */ = {
			isa = PBXGroup;
			children = (
				OBJ_11 /* SAUpdatePromptTests */,
			);
			name = Tests;
			sourceTree = SOURCE_ROOT;
		};
		OBJ_11 /* SAUpdatePromptTests */ = {
			isa = PBXGroup;
			children = (
				70470EF9259E7A7F00C8FC12 /* AppVersionServiceTests.swift */,
				70470F34259E9DC500C8FC12 /* BusinessLogicTests.swift */,
				OBJ_12 /* SAUpdatePromptTests.swift */,
				OBJ_13 /* XCTestManifests.swift */,
			);
			name = SAUpdatePromptTests;
			path = Tests/SAUpdatePromptTests;
			sourceTree = SOURCE_ROOT;
		};
		OBJ_14 /* Products */ = {
			isa = PBXGroup;
			children = (
				"SAUpdatePrompt::SAUpdatePrompt::Product" /* SAUpdatePrompt.framework */,
				"SAUpdatePrompt::SAUpdatePromptTests::Product" /* SAUpdatePromptTests.xctest */,
				70470F66259EBB3E00C8FC12 /* UpdatePromptExample.app */,
			);
			name = Products;
			sourceTree = BUILT_PRODUCTS_DIR;
		};
		OBJ_5 /*  */ = {
			isa = PBXGroup;
			children = (
				OBJ_6 /* Package.swift */,
				OBJ_7 /* Sources */,
				OBJ_10 /* Tests */,
				70470F67259EBB3E00C8FC12 /* UpdatePromptExample */,
				OBJ_14 /* Products */,
				OBJ_17 /* LICENSE */,
				OBJ_18 /* README.md */,
			);
			name = "";
			sourceTree = "<group>";
		};
		OBJ_7 /* Sources */ = {
			isa = PBXGroup;
			children = (
				OBJ_8 /* SAUpdatePrompt */,
			);
			name = Sources;
			sourceTree = SOURCE_ROOT;
		};
		OBJ_8 /* SAUpdatePrompt */ = {
			isa = PBXGroup;
			children = (
				OBJ_9 /* UpdatePrompt.swift */,
				70470F4D259EB06100C8FC12 /* Views */,
				70470F25259E9A1100C8FC12 /* Logic */,
				70470F20259E99EB00C8FC12 /* Networking */,
			);
			name = SAUpdatePrompt;
			path = Sources/SAUpdatePrompt;
			sourceTree = SOURCE_ROOT;
		};
/* End PBXGroup section */

/* Begin PBXNativeTarget section */
		70470F65259EBB3E00C8FC12 /* UpdatePromptExample */ = {
			isa = PBXNativeTarget;
			buildConfigurationList = 70470F8D259EBB4100C8FC12 /* Build configuration list for PBXNativeTarget "UpdatePromptExample" */;
			buildPhases = (
				70470F62259EBB3E00C8FC12 /* Sources */,
				70470F63259EBB3E00C8FC12 /* Frameworks */,
				70470F64259EBB3E00C8FC12 /* Resources */,
			);
			buildRules = (
			);
			dependencies = (
			);
			name = UpdatePromptExample;
			productName = UpdatePromptExample;
			productReference = 70470F66259EBB3E00C8FC12 /* UpdatePromptExample.app */;
			productType = "com.apple.product-type.application";
		};
		"SAUpdatePrompt::SAUpdatePrompt" /* SAUpdatePrompt */ = {
			isa = PBXNativeTarget;
			buildConfigurationList = OBJ_20 /* Build configuration list for PBXNativeTarget "SAUpdatePrompt" */;
			buildPhases = (
				OBJ_23 /* Sources */,
				OBJ_25 /* Frameworks */,
			);
			buildRules = (
			);
			dependencies = (
			);
			name = SAUpdatePrompt;
			productName = SAUpdatePrompt;
			productReference = "SAUpdatePrompt::SAUpdatePrompt::Product" /* SAUpdatePrompt.framework */;
			productType = "com.apple.product-type.framework";
		};
		"SAUpdatePrompt::SAUpdatePromptTests" /* SAUpdatePromptTests */ = {
			isa = PBXNativeTarget;
			buildConfigurationList = OBJ_38 /* Build configuration list for PBXNativeTarget "SAUpdatePromptTests" */;
			buildPhases = (
				OBJ_41 /* Sources */,
				OBJ_44 /* Frameworks */,
			);
			buildRules = (
			);
			dependencies = (
				OBJ_46 /* PBXTargetDependency */,
			);
			name = SAUpdatePromptTests;
			productName = SAUpdatePromptTests;
			productReference = "SAUpdatePrompt::SAUpdatePromptTests::Product" /* SAUpdatePromptTests.xctest */;
			productType = "com.apple.product-type.bundle.unit-test";
		};
		"SAUpdatePrompt::SwiftPMPackageDescription" /* SAUpdatePromptPackageDescription */ = {
			isa = PBXNativeTarget;
			buildConfigurationList = OBJ_27 /* Build configuration list for PBXNativeTarget "SAUpdatePromptPackageDescription" */;
			buildPhases = (
				OBJ_30 /* Sources */,
			);
			buildRules = (
			);
			dependencies = (
			);
			name = SAUpdatePromptPackageDescription;
			productName = SAUpdatePromptPackageDescription;
			productType = "com.apple.product-type.framework";
		};
/* End PBXNativeTarget section */

/* Begin PBXProject section */
		OBJ_1 /* Project object */ = {
			isa = PBXProject;
			attributes = {
				LastSwiftMigration = 9999;
				LastSwiftUpdateCheck = 1230;
				LastUpgradeCheck = 9999;
				TargetAttributes = {
					70470F65259EBB3E00C8FC12 = {
						CreatedOnToolsVersion = 12.3;
						DevelopmentTeam = ZQ3X9MSQYM;
						ProvisioningStyle = Automatic;
					};
				};
			};
			buildConfigurationList = OBJ_2 /* Build configuration list for PBXProject "SAUpdatePrompt" */;
			compatibilityVersion = "Xcode 3.2";
			developmentRegion = en;
			hasScannedForEncodings = 0;
			knownRegions = (
				en,
				Base,
			);
			mainGroup = OBJ_5 /*  */;
			productRefGroup = OBJ_14 /* Products */;
			projectDirPath = "";
			projectRoot = "";
			targets = (
				"SAUpdatePrompt::SAUpdatePrompt" /* SAUpdatePrompt */,
				"SAUpdatePrompt::SwiftPMPackageDescription" /* SAUpdatePromptPackageDescription */,
				"SAUpdatePrompt::SAUpdatePromptPackageTests::ProductTarget" /* SAUpdatePromptPackageTests */,
				"SAUpdatePrompt::SAUpdatePromptTests" /* SAUpdatePromptTests */,
				70470F65259EBB3E00C8FC12 /* UpdatePromptExample */,
			);
		};
/* End PBXProject section */

/* Begin PBXResourcesBuildPhase section */
		70470F64259EBB3E00C8FC12 /* Resources */ = {
			isa = PBXResourcesBuildPhase;
			buildActionMask = 2147483647;
			files = (
				70470F75259EBB4100C8FC12 /* LaunchScreen.storyboard in Resources */,
				70470F72259EBB4100C8FC12 /* Assets.xcassets in Resources */,
				70470F70259EBB3E00C8FC12 /* Main.storyboard in Resources */,
			);
			runOnlyForDeploymentPostprocessing = 0;
		};
/* End PBXResourcesBuildPhase section */

/* Begin PBXSourcesBuildPhase section */
		70470F62259EBB3E00C8FC12 /* Sources */ = {
			isa = PBXSourcesBuildPhase;
			buildActionMask = 2147483647;
			files = (
				70470F6D259EBB3E00C8FC12 /* ViewController.swift in Sources */,
				70470F69259EBB3E00C8FC12 /* AppDelegate.swift in Sources */,
				70470F6B259EBB3E00C8FC12 /* SceneDelegate.swift in Sources */,
			);
			runOnlyForDeploymentPostprocessing = 0;
		};
		OBJ_23 /* Sources */ = {
			isa = PBXSourcesBuildPhase;
			buildActionMask = 0;
			files = (
				70470F27259E9A2200C8FC12 /* Logic.swift in Sources */,
				70470F59259EB09100C8FC12 /* UpdatePromptAlert.swift in Sources */,
				70470F13259E931900C8FC12 /* AppVersionResponse.swift in Sources */,
				70470F4F259EB06C00C8FC12 /* UpdatePromptFullscreen.swift in Sources */,
				70470F0D259E929400C8FC12 /* AppVersionService.swift in Sources */,
				OBJ_24 /* UpdatePrompt.swift in Sources */,
			);
			runOnlyForDeploymentPostprocessing = 0;
		};
		OBJ_30 /* Sources */ = {
			isa = PBXSourcesBuildPhase;
			buildActionMask = 0;
			files = (
				OBJ_31 /* Package.swift in Sources */,
			);
			runOnlyForDeploymentPostprocessing = 0;
		};
		OBJ_41 /* Sources */ = {
			isa = PBXSourcesBuildPhase;
			buildActionMask = 0;
			files = (
				70470F3E259E9E7800C8FC12 /* BusinessLogicTests.swift in Sources */,
				70470F07259E7AD500C8FC12 /* AppVersionServiceTests.swift in Sources */,
				OBJ_42 /* SAUpdatePromptTests.swift in Sources */,
				OBJ_43 /* XCTestManifests.swift in Sources */,
			);
			runOnlyForDeploymentPostprocessing = 0;
		};
/* End PBXSourcesBuildPhase section */

/* Begin PBXTargetDependency section */
		OBJ_36 /* PBXTargetDependency */ = {
			isa = PBXTargetDependency;
			target = "SAUpdatePrompt::SAUpdatePromptTests" /* SAUpdatePromptTests */;
			targetProxy = 70470EDE259E3C8300C8FC12 /* PBXContainerItemProxy */;
		};
		OBJ_46 /* PBXTargetDependency */ = {
			isa = PBXTargetDependency;
			target = "SAUpdatePrompt::SAUpdatePrompt" /* SAUpdatePrompt */;
			targetProxy = 70470EDB259E3C8200C8FC12 /* PBXContainerItemProxy */;
		};
/* End PBXTargetDependency section */

/* Begin PBXVariantGroup section */
		70470F6E259EBB3E00C8FC12 /* Main.storyboard */ = {
			isa = PBXVariantGroup;
			children = (
				70470F6F259EBB3E00C8FC12 /* Base */,
			);
			name = Main.storyboard;
			sourceTree = "<group>";
		};
		70470F73259EBB4100C8FC12 /* LaunchScreen.storyboard */ = {
			isa = PBXVariantGroup;
			children = (
				70470F74259EBB4100C8FC12 /* Base */,
			);
			name = LaunchScreen.storyboard;
			sourceTree = "<group>";
		};
/* End PBXVariantGroup section */

/* Begin XCBuildConfiguration section */
		70470F8E259EBB4100C8FC12 /* Debug */ = {
			isa = XCBuildConfiguration;
			buildSettings = {
				ALWAYS_SEARCH_USER_PATHS = NO;
				ASSETCATALOG_COMPILER_APPICON_NAME = AppIcon;
				ASSETCATALOG_COMPILER_GLOBAL_ACCENT_COLOR_NAME = AccentColor;
				CLANG_ANALYZER_NONNULL = YES;
				CLANG_ANALYZER_NUMBER_OBJECT_CONVERSION = YES_AGGRESSIVE;
				CLANG_CXX_LANGUAGE_STANDARD = "gnu++14";
				CLANG_CXX_LIBRARY = "libc++";
				CLANG_ENABLE_MODULES = YES;
				CLANG_ENABLE_OBJC_WEAK = YES;
				CLANG_WARN_BLOCK_CAPTURE_AUTORELEASING = YES;
				CLANG_WARN_BOOL_CONVERSION = YES;
				CLANG_WARN_COMMA = YES;
				CLANG_WARN_CONSTANT_CONVERSION = YES;
				CLANG_WARN_DEPRECATED_OBJC_IMPLEMENTATIONS = YES;
				CLANG_WARN_DIRECT_OBJC_ISA_USAGE = YES_ERROR;
				CLANG_WARN_DOCUMENTATION_COMMENTS = YES;
				CLANG_WARN_EMPTY_BODY = YES;
				CLANG_WARN_ENUM_CONVERSION = YES;
				CLANG_WARN_INFINITE_RECURSION = YES;
				CLANG_WARN_INT_CONVERSION = YES;
				CLANG_WARN_NON_LITERAL_NULL_CONVERSION = YES;
				CLANG_WARN_OBJC_IMPLICIT_RETAIN_SELF = YES;
				CLANG_WARN_OBJC_LITERAL_CONVERSION = YES;
				CLANG_WARN_OBJC_ROOT_CLASS = YES_ERROR;
				CLANG_WARN_QUOTED_INCLUDE_IN_FRAMEWORK_HEADER = YES;
				CLANG_WARN_RANGE_LOOP_ANALYSIS = YES;
				CLANG_WARN_STRICT_PROTOTYPES = YES;
				CLANG_WARN_SUSPICIOUS_MOVE = YES;
				CLANG_WARN_UNGUARDED_AVAILABILITY = YES_AGGRESSIVE;
				CLANG_WARN_UNREACHABLE_CODE = YES;
				CLANG_WARN__DUPLICATE_METHOD_MATCH = YES;
				CODE_SIGN_STYLE = Automatic;
				DEVELOPMENT_TEAM = ZQ3X9MSQYM;
				ENABLE_STRICT_OBJC_MSGSEND = YES;
				ENABLE_TESTABILITY = YES;
				GCC_C_LANGUAGE_STANDARD = gnu11;
				GCC_DYNAMIC_NO_PIC = NO;
				GCC_NO_COMMON_BLOCKS = YES;
				GCC_PREPROCESSOR_DEFINITIONS = (
					"DEBUG=1",
					"$(inherited)",
				);
				GCC_WARN_64_TO_32_BIT_CONVERSION = YES;
				GCC_WARN_ABOUT_RETURN_TYPE = YES_ERROR;
				GCC_WARN_UNDECLARED_SELECTOR = YES;
				GCC_WARN_UNINITIALIZED_AUTOS = YES_AGGRESSIVE;
				GCC_WARN_UNUSED_FUNCTION = YES;
				GCC_WARN_UNUSED_VARIABLE = YES;
				INFOPLIST_FILE = UpdatePromptExample/Info.plist;
				IPHONEOS_DEPLOYMENT_TARGET = 14.3;
				LD_RUNPATH_SEARCH_PATHS = "$(inherited) @executable_path/Frameworks";
				MTL_ENABLE_DEBUG_INFO = INCLUDE_SOURCE;
				MTL_FAST_MATH = YES;
				PRODUCT_BUNDLE_IDENTIFIER = co.laudeon.UpdatePromptExample;
				PRODUCT_NAME = "$(TARGET_NAME)";
				SDKROOT = iphoneos;
				SWIFT_ACTIVE_COMPILATION_CONDITIONS = DEBUG;
				SWIFT_VERSION = 5.0;
				TARGETED_DEVICE_FAMILY = "1,2";
			};
			name = Debug;
		};
		70470F8F259EBB4100C8FC12 /* Release */ = {
			isa = XCBuildConfiguration;
			buildSettings = {
				ALWAYS_SEARCH_USER_PATHS = NO;
				ASSETCATALOG_COMPILER_APPICON_NAME = AppIcon;
				ASSETCATALOG_COMPILER_GLOBAL_ACCENT_COLOR_NAME = AccentColor;
				CLANG_ANALYZER_NONNULL = YES;
				CLANG_ANALYZER_NUMBER_OBJECT_CONVERSION = YES_AGGRESSIVE;
				CLANG_CXX_LANGUAGE_STANDARD = "gnu++14";
				CLANG_CXX_LIBRARY = "libc++";
				CLANG_ENABLE_MODULES = YES;
				CLANG_ENABLE_OBJC_WEAK = YES;
				CLANG_WARN_BLOCK_CAPTURE_AUTORELEASING = YES;
				CLANG_WARN_BOOL_CONVERSION = YES;
				CLANG_WARN_COMMA = YES;
				CLANG_WARN_CONSTANT_CONVERSION = YES;
				CLANG_WARN_DEPRECATED_OBJC_IMPLEMENTATIONS = YES;
				CLANG_WARN_DIRECT_OBJC_ISA_USAGE = YES_ERROR;
				CLANG_WARN_DOCUMENTATION_COMMENTS = YES;
				CLANG_WARN_EMPTY_BODY = YES;
				CLANG_WARN_ENUM_CONVERSION = YES;
				CLANG_WARN_INFINITE_RECURSION = YES;
				CLANG_WARN_INT_CONVERSION = YES;
				CLANG_WARN_NON_LITERAL_NULL_CONVERSION = YES;
				CLANG_WARN_OBJC_IMPLICIT_RETAIN_SELF = YES;
				CLANG_WARN_OBJC_LITERAL_CONVERSION = YES;
				CLANG_WARN_OBJC_ROOT_CLASS = YES_ERROR;
				CLANG_WARN_QUOTED_INCLUDE_IN_FRAMEWORK_HEADER = YES;
				CLANG_WARN_RANGE_LOOP_ANALYSIS = YES;
				CLANG_WARN_STRICT_PROTOTYPES = YES;
				CLANG_WARN_SUSPICIOUS_MOVE = YES;
				CLANG_WARN_UNGUARDED_AVAILABILITY = YES_AGGRESSIVE;
				CLANG_WARN_UNREACHABLE_CODE = YES;
				CLANG_WARN__DUPLICATE_METHOD_MATCH = YES;
				CODE_SIGN_STYLE = Automatic;
				COPY_PHASE_STRIP = NO;
				DEVELOPMENT_TEAM = ZQ3X9MSQYM;
				ENABLE_NS_ASSERTIONS = NO;
				ENABLE_STRICT_OBJC_MSGSEND = YES;
				GCC_C_LANGUAGE_STANDARD = gnu11;
				GCC_NO_COMMON_BLOCKS = YES;
				GCC_WARN_64_TO_32_BIT_CONVERSION = YES;
				GCC_WARN_ABOUT_RETURN_TYPE = YES_ERROR;
				GCC_WARN_UNDECLARED_SELECTOR = YES;
				GCC_WARN_UNINITIALIZED_AUTOS = YES_AGGRESSIVE;
				GCC_WARN_UNUSED_FUNCTION = YES;
				GCC_WARN_UNUSED_VARIABLE = YES;
				INFOPLIST_FILE = UpdatePromptExample/Info.plist;
				IPHONEOS_DEPLOYMENT_TARGET = 14.3;
				LD_RUNPATH_SEARCH_PATHS = "$(inherited) @executable_path/Frameworks";
				MTL_ENABLE_DEBUG_INFO = NO;
				MTL_FAST_MATH = YES;
				PRODUCT_BUNDLE_IDENTIFIER = co.laudeon.UpdatePromptExample;
				PRODUCT_NAME = "$(TARGET_NAME)";
				SDKROOT = iphoneos;
				SWIFT_VERSION = 5.0;
				TARGETED_DEVICE_FAMILY = "1,2";
				VALIDATE_PRODUCT = YES;
			};
			name = Release;
		};
		OBJ_21 /* Debug */ = {
			isa = XCBuildConfiguration;
			buildSettings = {
				ENABLE_TESTABILITY = YES;
				FRAMEWORK_SEARCH_PATHS = (
					"$(inherited)",
					"$(PLATFORM_DIR)/Developer/Library/Frameworks",
				);
				HEADER_SEARCH_PATHS = "$(inherited)";
				INFOPLIST_FILE = SAUpdatePrompt.xcodeproj/SAUpdatePrompt_Info.plist;
				IPHONEOS_DEPLOYMENT_TARGET = 9.0;
				LD_RUNPATH_SEARCH_PATHS = "$(inherited) $(TOOLCHAIN_DIR)/usr/lib/swift/macosx";
				MACOSX_DEPLOYMENT_TARGET = 10.10;
				OTHER_CFLAGS = "$(inherited)";
				OTHER_LDFLAGS = "$(inherited)";
				OTHER_SWIFT_FLAGS = "$(inherited)";
				PRODUCT_BUNDLE_IDENTIFIER = SAUpdatePrompt;
				PRODUCT_MODULE_NAME = "$(TARGET_NAME:c99extidentifier)";
				PRODUCT_NAME = "$(TARGET_NAME:c99extidentifier)";
				SKIP_INSTALL = YES;
				SWIFT_ACTIVE_COMPILATION_CONDITIONS = "$(inherited)";
				SWIFT_VERSION = 5.0;
				TARGET_NAME = SAUpdatePrompt;
				TVOS_DEPLOYMENT_TARGET = 9.0;
				WATCHOS_DEPLOYMENT_TARGET = 2.0;
			};
			name = Debug;
		};
		OBJ_22 /* Release */ = {
			isa = XCBuildConfiguration;
			buildSettings = {
				ENABLE_TESTABILITY = YES;
				FRAMEWORK_SEARCH_PATHS = (
					"$(inherited)",
					"$(PLATFORM_DIR)/Developer/Library/Frameworks",
				);
				HEADER_SEARCH_PATHS = "$(inherited)";
				INFOPLIST_FILE = SAUpdatePrompt.xcodeproj/SAUpdatePrompt_Info.plist;
				IPHONEOS_DEPLOYMENT_TARGET = 9.0;
				LD_RUNPATH_SEARCH_PATHS = "$(inherited) $(TOOLCHAIN_DIR)/usr/lib/swift/macosx";
				MACOSX_DEPLOYMENT_TARGET = 10.10;
				OTHER_CFLAGS = "$(inherited)";
				OTHER_LDFLAGS = "$(inherited)";
				OTHER_SWIFT_FLAGS = "$(inherited)";
				PRODUCT_BUNDLE_IDENTIFIER = SAUpdatePrompt;
				PRODUCT_MODULE_NAME = "$(TARGET_NAME:c99extidentifier)";
				PRODUCT_NAME = "$(TARGET_NAME:c99extidentifier)";
				SKIP_INSTALL = YES;
				SWIFT_ACTIVE_COMPILATION_CONDITIONS = "$(inherited)";
				SWIFT_VERSION = 5.0;
				TARGET_NAME = SAUpdatePrompt;
				TVOS_DEPLOYMENT_TARGET = 9.0;
				WATCHOS_DEPLOYMENT_TARGET = 2.0;
			};
			name = Release;
		};
		OBJ_28 /* Debug */ = {
			isa = XCBuildConfiguration;
			buildSettings = {
				LD = /usr/bin/true;
				OTHER_SWIFT_FLAGS = "-swift-version 5 -I $(TOOLCHAIN_DIR)/usr/lib/swift/pm/4_2 -sdk /Applications/Xcode.app/Contents/Developer/Platforms/MacOSX.platform/Developer/SDKs/MacOSX11.1.sdk -package-description-version 5.3.0";
				SWIFT_VERSION = 5.0;
			};
			name = Debug;
		};
		OBJ_29 /* Release */ = {
			isa = XCBuildConfiguration;
			buildSettings = {
				LD = /usr/bin/true;
				OTHER_SWIFT_FLAGS = "-swift-version 5 -I $(TOOLCHAIN_DIR)/usr/lib/swift/pm/4_2 -sdk /Applications/Xcode.app/Contents/Developer/Platforms/MacOSX.platform/Developer/SDKs/MacOSX11.1.sdk -package-description-version 5.3.0";
				SWIFT_VERSION = 5.0;
			};
			name = Release;
		};
		OBJ_3 /* Debug */ = {
			isa = XCBuildConfiguration;
			buildSettings = {
				CLANG_ENABLE_OBJC_ARC = YES;
				COMBINE_HIDPI_IMAGES = YES;
				COPY_PHASE_STRIP = NO;
				DEBUG_INFORMATION_FORMAT = dwarf;
				DYLIB_INSTALL_NAME_BASE = "@rpath";
				ENABLE_NS_ASSERTIONS = YES;
				GCC_OPTIMIZATION_LEVEL = 0;
				GCC_PREPROCESSOR_DEFINITIONS = (
					"$(inherited)",
					"SWIFT_PACKAGE=1",
					"DEBUG=1",
				);
				MACOSX_DEPLOYMENT_TARGET = 10.10;
				ONLY_ACTIVE_ARCH = YES;
				OTHER_SWIFT_FLAGS = "$(inherited) -DXcode";
				PRODUCT_NAME = "$(TARGET_NAME)";
				SDKROOT = macosx;
				SUPPORTED_PLATFORMS = "macosx iphoneos iphonesimulator appletvos appletvsimulator watchos watchsimulator";
				SWIFT_ACTIVE_COMPILATION_CONDITIONS = "$(inherited) SWIFT_PACKAGE DEBUG";
				SWIFT_OPTIMIZATION_LEVEL = "-Onone";
				USE_HEADERMAP = NO;
			};
			name = Debug;
		};
		OBJ_34 /* Debug */ = {
			isa = XCBuildConfiguration;
			buildSettings = {
			};
			name = Debug;
		};
		OBJ_35 /* Release */ = {
			isa = XCBuildConfiguration;
			buildSettings = {
			};
			name = Release;
		};
		OBJ_39 /* Debug */ = {
			isa = XCBuildConfiguration;
			buildSettings = {
				CLANG_ENABLE_MODULES = YES;
				EMBEDDED_CONTENT_CONTAINS_SWIFT = YES;
				FRAMEWORK_SEARCH_PATHS = (
					"$(inherited)",
					"$(PLATFORM_DIR)/Developer/Library/Frameworks",
				);
				HEADER_SEARCH_PATHS = "$(inherited)";
				INFOPLIST_FILE = SAUpdatePrompt.xcodeproj/SAUpdatePromptTests_Info.plist;
				IPHONEOS_DEPLOYMENT_TARGET = 14.0;
				LD_RUNPATH_SEARCH_PATHS = "$(inherited) @loader_path/../Frameworks @loader_path/Frameworks";
				MACOSX_DEPLOYMENT_TARGET = 10.15;
				OTHER_CFLAGS = "$(inherited)";
				OTHER_LDFLAGS = "$(inherited)";
				OTHER_SWIFT_FLAGS = "$(inherited)";
				SWIFT_ACTIVE_COMPILATION_CONDITIONS = "$(inherited)";
				SWIFT_VERSION = 5.0;
				TARGET_NAME = SAUpdatePromptTests;
				TVOS_DEPLOYMENT_TARGET = 9.0;
				WATCHOS_DEPLOYMENT_TARGET = 2.0;
			};
			name = Debug;
		};
		OBJ_4 /* Release */ = {
			isa = XCBuildConfiguration;
			buildSettings = {
				CLANG_ENABLE_OBJC_ARC = YES;
				COMBINE_HIDPI_IMAGES = YES;
				COPY_PHASE_STRIP = YES;
				DEBUG_INFORMATION_FORMAT = "dwarf-with-dsym";
				DYLIB_INSTALL_NAME_BASE = "@rpath";
				GCC_OPTIMIZATION_LEVEL = s;
				GCC_PREPROCESSOR_DEFINITIONS = (
					"$(inherited)",
					"SWIFT_PACKAGE=1",
				);
				MACOSX_DEPLOYMENT_TARGET = 10.10;
				OTHER_SWIFT_FLAGS = "$(inherited) -DXcode";
				PRODUCT_NAME = "$(TARGET_NAME)";
				SDKROOT = macosx;
				SUPPORTED_PLATFORMS = "macosx iphoneos iphonesimulator appletvos appletvsimulator watchos watchsimulator";
				SWIFT_ACTIVE_COMPILATION_CONDITIONS = "$(inherited) SWIFT_PACKAGE";
				SWIFT_OPTIMIZATION_LEVEL = "-Owholemodule";
				USE_HEADERMAP = NO;
			};
			name = Release;
		};
		OBJ_40 /* Release */ = {
			isa = XCBuildConfiguration;
			buildSettings = {
				CLANG_ENABLE_MODULES = YES;
				EMBEDDED_CONTENT_CONTAINS_SWIFT = YES;
				FRAMEWORK_SEARCH_PATHS = (
					"$(inherited)",
					"$(PLATFORM_DIR)/Developer/Library/Frameworks",
				);
				HEADER_SEARCH_PATHS = "$(inherited)";
				INFOPLIST_FILE = SAUpdatePrompt.xcodeproj/SAUpdatePromptTests_Info.plist;
				IPHONEOS_DEPLOYMENT_TARGET = 14.0;
				LD_RUNPATH_SEARCH_PATHS = "$(inherited) @loader_path/../Frameworks @loader_path/Frameworks";
				MACOSX_DEPLOYMENT_TARGET = 10.15;
				OTHER_CFLAGS = "$(inherited)";
				OTHER_LDFLAGS = "$(inherited)";
				OTHER_SWIFT_FLAGS = "$(inherited)";
				SWIFT_ACTIVE_COMPILATION_CONDITIONS = "$(inherited)";
				SWIFT_VERSION = 5.0;
				TARGET_NAME = SAUpdatePromptTests;
				TVOS_DEPLOYMENT_TARGET = 9.0;
				WATCHOS_DEPLOYMENT_TARGET = 2.0;
			};
			name = Release;
		};
/* End XCBuildConfiguration section */

/* Begin XCConfigurationList section */
		70470F8D259EBB4100C8FC12 /* Build configuration list for PBXNativeTarget "UpdatePromptExample" */ = {
			isa = XCConfigurationList;
			buildConfigurations = (
				70470F8E259EBB4100C8FC12 /* Debug */,
				70470F8F259EBB4100C8FC12 /* Release */,
			);
			defaultConfigurationIsVisible = 0;
			defaultConfigurationName = Release;
		};
		OBJ_2 /* Build configuration list for PBXProject "SAUpdatePrompt" */ = {
			isa = XCConfigurationList;
			buildConfigurations = (
				OBJ_3 /* Debug */,
				OBJ_4 /* Release */,
			);
			defaultConfigurationIsVisible = 0;
			defaultConfigurationName = Release;
		};
		OBJ_20 /* Build configuration list for PBXNativeTarget "SAUpdatePrompt" */ = {
			isa = XCConfigurationList;
			buildConfigurations = (
				OBJ_21 /* Debug */,
				OBJ_22 /* Release */,
			);
			defaultConfigurationIsVisible = 0;
			defaultConfigurationName = Release;
		};
		OBJ_27 /* Build configuration list for PBXNativeTarget "SAUpdatePromptPackageDescription" */ = {
			isa = XCConfigurationList;
			buildConfigurations = (
				OBJ_28 /* Debug */,
				OBJ_29 /* Release */,
			);
			defaultConfigurationIsVisible = 0;
			defaultConfigurationName = Release;
		};
		OBJ_33 /* Build configuration list for PBXAggregateTarget "SAUpdatePromptPackageTests" */ = {
			isa = XCConfigurationList;
			buildConfigurations = (
				OBJ_34 /* Debug */,
				OBJ_35 /* Release */,
			);
			defaultConfigurationIsVisible = 0;
			defaultConfigurationName = Release;
		};
		OBJ_38 /* Build configuration list for PBXNativeTarget "SAUpdatePromptTests" */ = {
			isa = XCConfigurationList;
			buildConfigurations = (
				OBJ_39 /* Debug */,
				OBJ_40 /* Release */,
			);
			defaultConfigurationIsVisible = 0;
			defaultConfigurationName = Release;
		};
/* End XCConfigurationList section */
	};
	rootObject = OBJ_1 /* Project object */;
}
